// !$*UTF8*$!
{
	archiveVersion = 1;
	classes = {
	};
	objectVersion = 46;
	objects = {

/* Begin PBXBuildFile section */
		810EEC0B1EAAB969005286A6 /* TopicList.storyboard in Resources */ = {isa = PBXBuildFile; fileRef = 810EEC091EAAB969005286A6 /* TopicList.storyboard */; };
		81D8492B1E9C0E9100A38BFD /* User.swift in Sources */ = {isa = PBXBuildFile; fileRef = 81D8492A1E9C0E9100A38BFD /* User.swift */; };
		81D8492D1E9C0E9D00A38BFD /* Question.swift in Sources */ = {isa = PBXBuildFile; fileRef = 81D8492C1E9C0E9D00A38BFD /* Question.swift */; };
		81D8492F1E9C0EA800A38BFD /* Topic.swift in Sources */ = {isa = PBXBuildFile; fileRef = 81D8492E1E9C0EA800A38BFD /* Topic.swift */; };
		81D849311E9C0EB700A38BFD /* UserController.swift in Sources */ = {isa = PBXBuildFile; fileRef = 81D849301E9C0EB700A38BFD /* UserController.swift */; };
		81D849331E9C0EC500A38BFD /* QuestionController.swift in Sources */ = {isa = PBXBuildFile; fileRef = 81D849321E9C0EC500A38BFD /* QuestionController.swift */; };
		81D849351E9C0ED400A38BFD /* TopicController.swift in Sources */ = {isa = PBXBuildFile; fileRef = 81D849341E9C0ED400A38BFD /* TopicController.swift */; };
		81D849371E9C0EF000A38BFD /* CloudKitManager.swift in Sources */ = {isa = PBXBuildFile; fileRef = 81D849361E9C0EF000A38BFD /* CloudKitManager.swift */; };
		81D849391E9C0F5100A38BFD /* QueueViewController.swift in Sources */ = {isa = PBXBuildFile; fileRef = 81D849381E9C0F5100A38BFD /* QueueViewController.swift */; };
		81D8493B1E9C0F6600A38BFD /* ProfileViewController.swift in Sources */ = {isa = PBXBuildFile; fileRef = 81D8493A1E9C0F6600A38BFD /* ProfileViewController.swift */; };
		81D849411E9DBC5300A38BFD /* QueueTableViewCell.swift in Sources */ = {isa = PBXBuildFile; fileRef = 81D849401E9DBC5300A38BFD /* QueueTableViewCell.swift */; };
		81D849431E9DBC6200A38BFD /* ReadyCheckTableViewCell.swift in Sources */ = {isa = PBXBuildFile; fileRef = 81D849421E9DBC6200A38BFD /* ReadyCheckTableViewCell.swift */; };
		81D849451E9DBC8300A38BFD /* ReadyCheckViewController.swift in Sources */ = {isa = PBXBuildFile; fileRef = 81D849441E9DBC8300A38BFD /* ReadyCheckViewController.swift */; };
		81D849471EA0072100A38BFD /* AskQuestionViewController.swift in Sources */ = {isa = PBXBuildFile; fileRef = 81D849461EA0072100A38BFD /* AskQuestionViewController.swift */; };
		EFDC221C1EA6D0880039068C /* HolderView.swift in Sources */ = {isa = PBXBuildFile; fileRef = EFDC221B1EA6D0880039068C /* HolderView.swift */; };
		FD5D4AB91EAA834B00B51249 /* Vote.swift in Sources */ = {isa = PBXBuildFile; fileRef = FD5D4AB81EAA834B00B51249 /* Vote.swift */; };
		FD87F6451E9D674D00A4CD14 /* LaunchLoadingViewController.swift in Sources */ = {isa = PBXBuildFile; fileRef = FD87F6441E9D674D00A4CD14 /* LaunchLoadingViewController.swift */; };
		FDAB4F271EAA865A001F5EC1 /* VoteController.swift in Sources */ = {isa = PBXBuildFile; fileRef = FDAB4F261EAA865A001F5EC1 /* VoteController.swift */; };
		FDF2C2601E9C032E005419C3 /* AppDelegate.swift in Sources */ = {isa = PBXBuildFile; fileRef = FDF2C25F1E9C032E005419C3 /* AppDelegate.swift */; };
		FDF2C2651E9C032E005419C3 /* Main.storyboard in Resources */ = {isa = PBXBuildFile; fileRef = FDF2C2631E9C032E005419C3 /* Main.storyboard */; };
		FDF2C2671E9C032E005419C3 /* Assets.xcassets in Resources */ = {isa = PBXBuildFile; fileRef = FDF2C2661E9C032E005419C3 /* Assets.xcassets */; };
		FDF2C26A1E9C032E005419C3 /* LaunchScreen.storyboard in Resources */ = {isa = PBXBuildFile; fileRef = FDF2C2681E9C032E005419C3 /* LaunchScreen.storyboard */; };
		FDF2C2741E9C26F3005419C3 /* CloudKit.framework in Frameworks */ = {isa = PBXBuildFile; fileRef = FDF2C2731E9C26F3005419C3 /* CloudKit.framework */; };
/* End PBXBuildFile section */

/* Begin PBXFileReference section */
		810EEC0A1EAAB969005286A6 /* Base */ = {isa = PBXFileReference; lastKnownFileType = file.storyboard; name = Base; path = Base.lproj/TopicList.storyboard; sourceTree = "<group>"; };
		81D8492A1E9C0E9100A38BFD /* User.swift */ = {isa = PBXFileReference; fileEncoding = 4; lastKnownFileType = sourcecode.swift; path = User.swift; sourceTree = "<group>"; };
		81D8492C1E9C0E9D00A38BFD /* Question.swift */ = {isa = PBXFileReference; fileEncoding = 4; lastKnownFileType = sourcecode.swift; path = Question.swift; sourceTree = "<group>"; };
		81D8492E1E9C0EA800A38BFD /* Topic.swift */ = {isa = PBXFileReference; fileEncoding = 4; lastKnownFileType = sourcecode.swift; path = Topic.swift; sourceTree = "<group>"; };
		81D849301E9C0EB700A38BFD /* UserController.swift */ = {isa = PBXFileReference; fileEncoding = 4; lastKnownFileType = sourcecode.swift; path = UserController.swift; sourceTree = "<group>"; };
		81D849321E9C0EC500A38BFD /* QuestionController.swift */ = {isa = PBXFileReference; fileEncoding = 4; lastKnownFileType = sourcecode.swift; path = QuestionController.swift; sourceTree = "<group>"; };
		81D849341E9C0ED400A38BFD /* TopicController.swift */ = {isa = PBXFileReference; fileEncoding = 4; lastKnownFileType = sourcecode.swift; path = TopicController.swift; sourceTree = "<group>"; };
		81D849361E9C0EF000A38BFD /* CloudKitManager.swift */ = {isa = PBXFileReference; fileEncoding = 4; lastKnownFileType = sourcecode.swift; path = CloudKitManager.swift; sourceTree = "<group>"; };
		81D849381E9C0F5100A38BFD /* QueueViewController.swift */ = {isa = PBXFileReference; fileEncoding = 4; lastKnownFileType = sourcecode.swift; path = QueueViewController.swift; sourceTree = "<group>"; };
		81D8493A1E9C0F6600A38BFD /* ProfileViewController.swift */ = {isa = PBXFileReference; fileEncoding = 4; lastKnownFileType = sourcecode.swift; path = ProfileViewController.swift; sourceTree = "<group>"; };
		81D849401E9DBC5300A38BFD /* QueueTableViewCell.swift */ = {isa = PBXFileReference; fileEncoding = 4; lastKnownFileType = sourcecode.swift; path = QueueTableViewCell.swift; sourceTree = "<group>"; };
		81D849421E9DBC6200A38BFD /* ReadyCheckTableViewCell.swift */ = {isa = PBXFileReference; fileEncoding = 4; lastKnownFileType = sourcecode.swift; path = ReadyCheckTableViewCell.swift; sourceTree = "<group>"; };
		81D849441E9DBC8300A38BFD /* ReadyCheckViewController.swift */ = {isa = PBXFileReference; fileEncoding = 4; lastKnownFileType = sourcecode.swift; path = ReadyCheckViewController.swift; sourceTree = "<group>"; };
		81D849461EA0072100A38BFD /* AskQuestionViewController.swift */ = {isa = PBXFileReference; fileEncoding = 4; lastKnownFileType = sourcecode.swift; path = AskQuestionViewController.swift; sourceTree = "<group>"; };
		EFDC221B1EA6D0880039068C /* HolderView.swift */ = {isa = PBXFileReference; fileEncoding = 4; lastKnownFileType = sourcecode.swift; path = HolderView.swift; sourceTree = "<group>"; };
		FD5D4AB81EAA834B00B51249 /* Vote.swift */ = {isa = PBXFileReference; fileEncoding = 4; lastKnownFileType = sourcecode.swift; path = Vote.swift; sourceTree = "<group>"; };
		FD87F6441E9D674D00A4CD14 /* LaunchLoadingViewController.swift */ = {isa = PBXFileReference; fileEncoding = 4; lastKnownFileType = sourcecode.swift; path = LaunchLoadingViewController.swift; sourceTree = "<group>"; };
		FDAB4F261EAA865A001F5EC1 /* VoteController.swift */ = {isa = PBXFileReference; fileEncoding = 4; lastKnownFileType = sourcecode.swift; path = VoteController.swift; sourceTree = "<group>"; };
		FDF2C25C1E9C032E005419C3 /* Q&A.app */ = {isa = PBXFileReference; explicitFileType = wrapper.application; includeInIndex = 0; path = "Q&A.app"; sourceTree = BUILT_PRODUCTS_DIR; };
		FDF2C25F1E9C032E005419C3 /* AppDelegate.swift */ = {isa = PBXFileReference; lastKnownFileType = sourcecode.swift; path = AppDelegate.swift; sourceTree = "<group>"; };
		FDF2C2641E9C032E005419C3 /* Base */ = {isa = PBXFileReference; lastKnownFileType = file.storyboard; name = Base; path = Base.lproj/Main.storyboard; sourceTree = "<group>"; };
		FDF2C2661E9C032E005419C3 /* Assets.xcassets */ = {isa = PBXFileReference; lastKnownFileType = folder.assetcatalog; path = Assets.xcassets; sourceTree = "<group>"; };
		FDF2C2691E9C032E005419C3 /* Base */ = {isa = PBXFileReference; lastKnownFileType = file.storyboard; name = Base; path = Base.lproj/LaunchScreen.storyboard; sourceTree = "<group>"; };
		FDF2C26B1E9C032E005419C3 /* Info.plist */ = {isa = PBXFileReference; lastKnownFileType = text.plist.xml; path = Info.plist; sourceTree = "<group>"; };
		FDF2C2711E9C26F0005419C3 /* Q&A.entitlements */ = {isa = PBXFileReference; lastKnownFileType = text.plist.entitlements; path = "Q&A.entitlements"; sourceTree = "<group>"; };
		FDF2C2731E9C26F3005419C3 /* CloudKit.framework */ = {isa = PBXFileReference; lastKnownFileType = wrapper.framework; name = CloudKit.framework; path = System/Library/Frameworks/CloudKit.framework; sourceTree = SDKROOT; };
/* End PBXFileReference section */

/* Begin PBXFrameworksBuildPhase section */
		FDF2C2591E9C032E005419C3 /* Frameworks */ = {
			isa = PBXFrameworksBuildPhase;
			buildActionMask = 2147483647;
			files = (
				FDF2C2741E9C26F3005419C3 /* CloudKit.framework in Frameworks */,
			);
			runOnlyForDeploymentPostprocessing = 0;
		};
/* End PBXFrameworksBuildPhase section */

/* Begin PBXGroup section */
		81D849231E9C0DD700A38BFD /* ModelControllers */ = {
			isa = PBXGroup;
			children = (
				81D849301E9C0EB700A38BFD /* UserController.swift */,
				81D849321E9C0EC500A38BFD /* QuestionController.swift */,
				81D849341E9C0ED400A38BFD /* TopicController.swift */,
				FDAB4F261EAA865A001F5EC1 /* VoteController.swift */,
			);
			name = ModelControllers;
			sourceTree = "<group>";
		};
		81D849241E9C0DD900A38BFD /* ViewControllers */ = {
			isa = PBXGroup;
			children = (
				81D849381E9C0F5100A38BFD /* QueueViewController.swift */,
				81D8493A1E9C0F6600A38BFD /* ProfileViewController.swift */,
				FD87F6441E9D674D00A4CD14 /* LaunchLoadingViewController.swift */,
				81D849441E9DBC8300A38BFD /* ReadyCheckViewController.swift */,
				81D849461EA0072100A38BFD /* AskQuestionViewController.swift */,
			);
			name = ViewControllers;
			sourceTree = "<group>";
		};
		81D849251E9C0DDB00A38BFD /* Views */ = {
			isa = PBXGroup;
			children = (
				81D849401E9DBC5300A38BFD /* QueueTableViewCell.swift */,
				81D849421E9DBC6200A38BFD /* ReadyCheckTableViewCell.swift */,
			);
			name = Views;
			sourceTree = "<group>";
		};
		81D849261E9C0DDC00A38BFD /* Storyboards */ = {
			isa = PBXGroup;
			children = (
				FDF2C2681E9C032E005419C3 /* LaunchScreen.storyboard */,
				FDF2C2631E9C032E005419C3 /* Main.storyboard */,
				810EEC091EAAB969005286A6 /* TopicList.storyboard */,
			);
			name = Storyboards;
			sourceTree = "<group>";
		};
		81D849271E9C0E0D00A38BFD /* Models */ = {
			isa = PBXGroup;
			children = (
				81D8492A1E9C0E9100A38BFD /* User.swift */,
				81D8492C1E9C0E9D00A38BFD /* Question.swift */,
				81D8492E1E9C0EA800A38BFD /* Topic.swift */,
				FD5D4AB81EAA834B00B51249 /* Vote.swift */,
			);
			name = Models;
			sourceTree = "<group>";
		};
		81D849281E9C0E1B00A38BFD /* Controllers */ = {
			isa = PBXGroup;
			children = (
				81D849361E9C0EF000A38BFD /* CloudKitManager.swift */,
				EFDC221B1EA6D0880039068C /* HolderView.swift */,
			);
			name = Controllers;
			sourceTree = "<group>";
		};
		81D849291E9C0E3700A38BFD /* Resources */ = {
			isa = PBXGroup;
			children = (
				FDF2C2661E9C032E005419C3 /* Assets.xcassets */,
				FDF2C26B1E9C032E005419C3 /* Info.plist */,
			);
			name = Resources;
			path = "Q&A";
			sourceTree = "<group>";
		};
		FDF2C2531E9C032E005419C3 = {
			isa = PBXGroup;
			children = (
				FDF2C25E1E9C032E005419C3 /* Q&A */,
				81D849291E9C0E3700A38BFD /* Resources */,
				FDF2C25D1E9C032E005419C3 /* Products */,
				FDF2C2721E9C26F3005419C3 /* Frameworks */,
			);
			sourceTree = "<group>";
		};
		FDF2C25D1E9C032E005419C3 /* Products */ = {
			isa = PBXGroup;
			children = (
				FDF2C25C1E9C032E005419C3 /* Q&A.app */,
			);
			name = Products;
			sourceTree = "<group>";
		};
		FDF2C25E1E9C032E005419C3 /* Q&A */ = {
			isa = PBXGroup;
			children = (
				FDF2C2711E9C26F0005419C3 /* Q&A.entitlements */,
				FDF2C25F1E9C032E005419C3 /* AppDelegate.swift */,
				81D849261E9C0DDC00A38BFD /* Storyboards */,
				81D849251E9C0DDB00A38BFD /* Views */,
				81D849241E9C0DD900A38BFD /* ViewControllers */,
				81D849231E9C0DD700A38BFD /* ModelControllers */,
				81D849271E9C0E0D00A38BFD /* Models */,
				81D849281E9C0E1B00A38BFD /* Controllers */,
			);
			path = "Q&A";
			sourceTree = "<group>";
		};
		FDF2C2721E9C26F3005419C3 /* Frameworks */ = {
			isa = PBXGroup;
			children = (
				FDF2C2731E9C26F3005419C3 /* CloudKit.framework */,
			);
			name = Frameworks;
			sourceTree = "<group>";
		};
/* End PBXGroup section */

/* Begin PBXNativeTarget section */
		FDF2C25B1E9C032E005419C3 /* Q&A */ = {
			isa = PBXNativeTarget;
			buildConfigurationList = FDF2C26E1E9C032E005419C3 /* Build configuration list for PBXNativeTarget "Q&A" */;
			buildPhases = (
				FDF2C2581E9C032E005419C3 /* Sources */,
				FDF2C2591E9C032E005419C3 /* Frameworks */,
				FDF2C25A1E9C032E005419C3 /* Resources */,
			);
			buildRules = (
			);
			dependencies = (
			);
			name = "Q&A";
			productName = "Q&A";
			productReference = FDF2C25C1E9C032E005419C3 /* Q&A.app */;
			productType = "com.apple.product-type.application";
		};
/* End PBXNativeTarget section */

/* Begin PBXProject section */
		FDF2C2541E9C032E005419C3 /* Project object */ = {
			isa = PBXProject;
			attributes = {
				LastSwiftUpdateCheck = 0830;
				LastUpgradeCheck = 0830;
				ORGANIZATIONNAME = "Christian McMullin";
				TargetAttributes = {
					FDF2C25B1E9C032E005419C3 = {
						CreatedOnToolsVersion = 8.3;
						DevelopmentTeam = 9Q8KVW72F5;
						ProvisioningStyle = Automatic;
						SystemCapabilities = {
							com.apple.Push = {
								enabled = 1;
							};
							com.apple.iCloud = {
								enabled = 1;
							};
						};
					};
				};
			};
			buildConfigurationList = FDF2C2571E9C032E005419C3 /* Build configuration list for PBXProject "Q&A" */;
			compatibilityVersion = "Xcode 3.2";
			developmentRegion = English;
			hasScannedForEncodings = 0;
			knownRegions = (
				en,
				Base,
			);
			mainGroup = FDF2C2531E9C032E005419C3;
			productRefGroup = FDF2C25D1E9C032E005419C3 /* Products */;
			projectDirPath = "";
			projectRoot = "";
			targets = (
				FDF2C25B1E9C032E005419C3 /* Q&A */,
			);
		};
/* End PBXProject section */

/* Begin PBXResourcesBuildPhase section */
		FDF2C25A1E9C032E005419C3 /* Resources */ = {
			isa = PBXResourcesBuildPhase;
			buildActionMask = 2147483647;
			files = (
				FDF2C26A1E9C032E005419C3 /* LaunchScreen.storyboard in Resources */,
				FDF2C2671E9C032E005419C3 /* Assets.xcassets in Resources */,
				810EEC0B1EAAB969005286A6 /* TopicList.storyboard in Resources */,
				FDF2C2651E9C032E005419C3 /* Main.storyboard in Resources */,
			);
			runOnlyForDeploymentPostprocessing = 0;
		};
/* End PBXResourcesBuildPhase section */

/* Begin PBXSourcesBuildPhase section */
		FDF2C2581E9C032E005419C3 /* Sources */ = {
			isa = PBXSourcesBuildPhase;
			buildActionMask = 2147483647;
			files = (
				81D8492D1E9C0E9D00A38BFD /* Question.swift in Sources */,
				81D8492F1E9C0EA800A38BFD /* Topic.swift in Sources */,
				81D8493B1E9C0F6600A38BFD /* ProfileViewController.swift in Sources */,
				81D849451E9DBC8300A38BFD /* ReadyCheckViewController.swift in Sources */,
				EFDC221C1EA6D0880039068C /* HolderView.swift in Sources */,
				81D849411E9DBC5300A38BFD /* QueueTableViewCell.swift in Sources */,
				81D849431E9DBC6200A38BFD /* ReadyCheckTableViewCell.swift in Sources */,
				81D849371E9C0EF000A38BFD /* CloudKitManager.swift in Sources */,
				81D849311E9C0EB700A38BFD /* UserController.swift in Sources */,
				81D849471EA0072100A38BFD /* AskQuestionViewController.swift in Sources */,
				81D8492B1E9C0E9100A38BFD /* User.swift in Sources */,
				FD5D4AB91EAA834B00B51249 /* Vote.swift in Sources */,
				FD87F6451E9D674D00A4CD14 /* LaunchLoadingViewController.swift in Sources */,
				FDF2C2601E9C032E005419C3 /* AppDelegate.swift in Sources */,
				81D849351E9C0ED400A38BFD /* TopicController.swift in Sources */,
				FDAB4F271EAA865A001F5EC1 /* VoteController.swift in Sources */,
				81D849331E9C0EC500A38BFD /* QuestionController.swift in Sources */,
				81D849391E9C0F5100A38BFD /* QueueViewController.swift in Sources */,
			);
			runOnlyForDeploymentPostprocessing = 0;
		};
/* End PBXSourcesBuildPhase section */

/* Begin PBXVariantGroup section */
		810EEC091EAAB969005286A6 /* TopicList.storyboard */ = {
			isa = PBXVariantGroup;
			children = (
				810EEC0A1EAAB969005286A6 /* Base */,
			);
			name = TopicList.storyboard;
			sourceTree = "<group>";
		};
		FDF2C2631E9C032E005419C3 /* Main.storyboard */ = {
			isa = PBXVariantGroup;
			children = (
				FDF2C2641E9C032E005419C3 /* Base */,
			);
			name = Main.storyboard;
			sourceTree = "<group>";
		};
		FDF2C2681E9C032E005419C3 /* LaunchScreen.storyboard */ = {
			isa = PBXVariantGroup;
			children = (
				FDF2C2691E9C032E005419C3 /* Base */,
			);
			name = LaunchScreen.storyboard;
			sourceTree = "<group>";
		};
/* End PBXVariantGroup section */

/* Begin XCBuildConfiguration section */
		FDF2C26C1E9C032E005419C3 /* Debug */ = {
			isa = XCBuildConfiguration;
			buildSettings = {
				ALWAYS_SEARCH_USER_PATHS = NO;
				CLANG_ANALYZER_NONNULL = YES;
				CLANG_ANALYZER_NUMBER_OBJECT_CONVERSION = YES_AGGRESSIVE;
				CLANG_CXX_LANGUAGE_STANDARD = "gnu++0x";
				CLANG_CXX_LIBRARY = "libc++";
				CLANG_ENABLE_MODULES = YES;
				CLANG_ENABLE_OBJC_ARC = YES;
				CLANG_WARN_BOOL_CONVERSION = YES;
				CLANG_WARN_CONSTANT_CONVERSION = YES;
				CLANG_WARN_DIRECT_OBJC_ISA_USAGE = YES_ERROR;
				CLANG_WARN_DOCUMENTATION_COMMENTS = YES;
				CLANG_WARN_EMPTY_BODY = YES;
				CLANG_WARN_ENUM_CONVERSION = YES;
				CLANG_WARN_INFINITE_RECURSION = YES;
				CLANG_WARN_INT_CONVERSION = YES;
				CLANG_WARN_OBJC_ROOT_CLASS = YES_ERROR;
				CLANG_WARN_SUSPICIOUS_MOVE = YES;
				CLANG_WARN_UNREACHABLE_CODE = YES;
				CLANG_WARN__DUPLICATE_METHOD_MATCH = YES;
				"CODE_SIGN_IDENTITY[sdk=iphoneos*]" = "iPhone Developer";
				COPY_PHASE_STRIP = NO;
				DEBUG_INFORMATION_FORMAT = dwarf;
				ENABLE_STRICT_OBJC_MSGSEND = YES;
				ENABLE_TESTABILITY = YES;
				GCC_C_LANGUAGE_STANDARD = gnu99;
				GCC_DYNAMIC_NO_PIC = NO;
				GCC_NO_COMMON_BLOCKS = YES;
				GCC_OPTIMIZATION_LEVEL = 0;
				GCC_PREPROCESSOR_DEFINITIONS = (
					"DEBUG=1",
					"$(inherited)",
				);
				GCC_WARN_64_TO_32_BIT_CONVERSION = YES;
				GCC_WARN_ABOUT_RETURN_TYPE = YES_ERROR;
				GCC_WARN_UNDECLARED_SELECTOR = YES;
				GCC_WARN_UNINITIALIZED_AUTOS = YES_AGGRESSIVE;
				GCC_WARN_UNUSED_FUNCTION = YES;
				GCC_WARN_UNUSED_VARIABLE = YES;
				IPHONEOS_DEPLOYMENT_TARGET = 10.3;
				MTL_ENABLE_DEBUG_INFO = YES;
				ONLY_ACTIVE_ARCH = YES;
				SDKROOT = iphoneos;
				SWIFT_ACTIVE_COMPILATION_CONDITIONS = DEBUG;
				SWIFT_OPTIMIZATION_LEVEL = "-Onone";
				TARGETED_DEVICE_FAMILY = "1,2";
			};
			name = Debug;
		};
		FDF2C26D1E9C032E005419C3 /* Release */ = {
			isa = XCBuildConfiguration;
			buildSettings = {
				ALWAYS_SEARCH_USER_PATHS = NO;
				CLANG_ANALYZER_NONNULL = YES;
				CLANG_ANALYZER_NUMBER_OBJECT_CONVERSION = YES_AGGRESSIVE;
				CLANG_CXX_LANGUAGE_STANDARD = "gnu++0x";
				CLANG_CXX_LIBRARY = "libc++";
				CLANG_ENABLE_MODULES = YES;
				CLANG_ENABLE_OBJC_ARC = YES;
				CLANG_WARN_BOOL_CONVERSION = YES;
				CLANG_WARN_CONSTANT_CONVERSION = YES;
				CLANG_WARN_DIRECT_OBJC_ISA_USAGE = YES_ERROR;
				CLANG_WARN_DOCUMENTATION_COMMENTS = YES;
				CLANG_WARN_EMPTY_BODY = YES;
				CLANG_WARN_ENUM_CONVERSION = YES;
				CLANG_WARN_INFINITE_RECURSION = YES;
				CLANG_WARN_INT_CONVERSION = YES;
				CLANG_WARN_OBJC_ROOT_CLASS = YES_ERROR;
				CLANG_WARN_SUSPICIOUS_MOVE = YES;
				CLANG_WARN_UNREACHABLE_CODE = YES;
				CLANG_WARN__DUPLICATE_METHOD_MATCH = YES;
				"CODE_SIGN_IDENTITY[sdk=iphoneos*]" = "iPhone Developer";
				COPY_PHASE_STRIP = NO;
				DEBUG_INFORMATION_FORMAT = "dwarf-with-dsym";
				ENABLE_NS_ASSERTIONS = NO;
				ENABLE_STRICT_OBJC_MSGSEND = YES;
				GCC_C_LANGUAGE_STANDARD = gnu99;
				GCC_NO_COMMON_BLOCKS = YES;
				GCC_WARN_64_TO_32_BIT_CONVERSION = YES;
				GCC_WARN_ABOUT_RETURN_TYPE = YES_ERROR;
				GCC_WARN_UNDECLARED_SELECTOR = YES;
				GCC_WARN_UNINITIALIZED_AUTOS = YES_AGGRESSIVE;
				GCC_WARN_UNUSED_FUNCTION = YES;
				GCC_WARN_UNUSED_VARIABLE = YES;
				IPHONEOS_DEPLOYMENT_TARGET = 10.3;
				MTL_ENABLE_DEBUG_INFO = NO;
				SDKROOT = iphoneos;
				SWIFT_OPTIMIZATION_LEVEL = "-Owholemodule";
				TARGETED_DEVICE_FAMILY = "1,2";
				VALIDATE_PRODUCT = YES;
			};
			name = Release;
		};
		FDF2C26F1E9C032E005419C3 /* Debug */ = {
			isa = XCBuildConfiguration;
			buildSettings = {
				ASSETCATALOG_COMPILER_APPICON_NAME = AppIcon;
				CODE_SIGN_ENTITLEMENTS = "Q&A/Q&A.entitlements";
				DEVELOPMENT_TEAM = 9Q8KVW72F5;
				INFOPLIST_FILE = "Q&A/Info.plist";
				LD_RUNPATH_SEARCH_PATHS = "$(inherited) @executable_path/Frameworks";
				PRODUCT_BUNDLE_IDENTIFIER = "com.christianmcmullin.Q-A";
				PRODUCT_NAME = "$(TARGET_NAME)";
				SWIFT_VERSION = 3.0;
				TARGETED_DEVICE_FAMILY = 1;
			};
			name = Debug;
		};
		FDF2C2701E9C032E005419C3 /* Release */ = {
			isa = XCBuildConfiguration;
			buildSettings = {
				ASSETCATALOG_COMPILER_APPICON_NAME = AppIcon;
				CODE_SIGN_ENTITLEMENTS = "Q&A/Q&A.entitlements";
				DEVELOPMENT_TEAM = 9Q8KVW72F5;
				INFOPLIST_FILE = "Q&A/Info.plist";
				LD_RUNPATH_SEARCH_PATHS = "$(inherited) @executable_path/Frameworks";
				PRODUCT_BUNDLE_IDENTIFIER = "com.christianmcmullin.Q-A";
				PRODUCT_NAME = "$(TARGET_NAME)";
				SWIFT_VERSION = 3.0;
				TARGETED_DEVICE_FAMILY = 1;
			};
			name = Release;
		};
/* End XCBuildConfiguration section */

/* Begin XCConfigurationList section */
		FDF2C2571E9C032E005419C3 /* Build configuration list for PBXProject "Q&A" */ = {
			isa = XCConfigurationList;
			buildConfigurations = (
				FDF2C26C1E9C032E005419C3 /* Debug */,
				FDF2C26D1E9C032E005419C3 /* Release */,
			);
			defaultConfigurationIsVisible = 0;
			defaultConfigurationName = Release;
		};
		FDF2C26E1E9C032E005419C3 /* Build configuration list for PBXNativeTarget "Q&A" */ = {
			isa = XCConfigurationList;
			buildConfigurations = (
				FDF2C26F1E9C032E005419C3 /* Debug */,
				FDF2C2701E9C032E005419C3 /* Release */,
			);
			defaultConfigurationIsVisible = 0;
			defaultConfigurationName = Release;
		};
/* End XCConfigurationList section */
	};
	rootObject = FDF2C2541E9C032E005419C3 /* Project object */;
}
